# THIS IS AN AUTOGENERATED FILE. DO NOT EDIT THIS FILE DIRECTLY.
# yarn lockfile v1


liquidjs@^9.37.0:
  version "9.37.0"
  resolved "https://registry.yarnpkg.com/liquidjs/-/liquidjs-9.37.0.tgz#58e0dd2fa779635ead589e82cfa9baffe49f490e"
  integrity sha512-qDj9iiNdB+QNZTR4iKjiQzoHQma7V8Itx5oZG/ZCP7xjebh1LI+s5IG2ZYUbs1ALO6hBzmW36Ptd8RR4eohuDA==
